
Microsoft Visual Studio Solution File, Format Version 12.00
# Visual Studio Version 17
VisualStudioVersion = 17.7.34024.191
MinimumVisualStudioVersion = 10.0.40219.1
Project("{F184B08F-C81C-45F6-A57F-5ABD9991F28F}") = "PriceCalculator", "PriceCalculator.vbproj", "{068D031C-35C0-4FA0-89D5-38884715AFB9}"
EndProject
Global
	GlobalSection(SolutionConfigurationPlatforms) = preSolution
		Debug|Any CPU = Debug|Any CPU
		Release|Any CPU = Release|Any CPU
	EndGlobalSection
	GlobalSection(ProjectConfigurationPlatforms) = postSolution
		{068D031C-35C0-4FA0-89D5-38884715AFB9}.Debug|Any CPU.ActiveCfg = Debug|Any CPU
		{068D031C-35C0-4FA0-89D5-38884715AFB9}.Debug|Any CPU.Build.0 = Debug|Any CPU
		{068D031C-35C0-4FA0-89D5-38884715AFB9}.Release|Any CPU.ActiveCfg = Release|Any CPU
		{068D031C-35C0-4FA0-89D5-38884715AFB9}.Release|Any CPU.Build.0 = Release|Any CPU
	EndGlobalSection
	GlobalSection(SolutionProperties) = preSolution
		HideSolutionNode = FALSE
	EndGlobalSection
	GlobalSection(ExtensibilityGlobals) = postSolution
		SolutionGuid = {29427D36-91C3-4367-AD11-23ABC5650D7D}
	EndGlobalSection
EndGlobal
